
Microsoft Visual Studio Solution File, Format Version 12.00
# Visual Studio 15
VisualStudioVersion = 15.0.28307.106
MinimumVisualStudioVersion = 10.0.40219.1
Project("{FAE04EC0-301F-11D3-BF4B-00C04F79EFBC}") = "Lands.Android", "Lands\Lands.Android\Lands.Android.csproj", "{4C9BF4EB-3B43-4839-B291-EAC7D65E0015}"
EndProject
Project("{FAE04EC0-301F-11D3-BF4B-00C04F79EFBC}") = "Lands.iOS", "Lands\Lands.iOS\Lands.iOS.csproj", "{447C683A-2594-4095-BF86-0E5DDB69B9A0}"
EndProject
Project("{FAE04EC0-301F-11D3-BF4B-00C04F79EFBC}") = "Lands", "Lands\Lands\Lands.csproj", "{1734E8C0-3560-44CE-ACCD-81CB7A908668}"
EndProject
Global
	GlobalSection(SolutionConfigurationPlatforms) = preSolution
		Ad-Hoc|Any CPU = Ad-Hoc|Any CPU
		Ad-Hoc|iPhone = Ad-Hoc|iPhone
		Ad-Hoc|iPhoneSimulator = Ad-Hoc|iPhoneSimulator
		AppStore|Any CPU = AppStore|Any CPU
		AppStore|iPhone = AppStore|iPhone
		AppStore|iPhoneSimulator = AppStore|iPhoneSimulator
		Debug|Any CPU = Debug|Any CPU
		Debug|iPhone = Debug|iPhone
		Debug|iPhoneSimulator = Debug|iPhoneSimulator
		Release|Any CPU = Release|Any CPU
		Release|iPhone = Release|iPhone
		Release|iPhoneSimulator = Release|iPhoneSimulator
	EndGlobalSection
	GlobalSection(ProjectConfigurationPlatforms) = postSolution
		{4C9BF4EB-3B43-4839-B291-EAC7D65E0015}.Ad-Hoc|Any CPU.ActiveCfg = Release|Any CPU
		{4C9BF4EB-3B43-4839-B291-EAC7D65E0015}.Ad-Hoc|Any CPU.Build.0 = Release|Any CPU
		{4C9BF4EB-3B43-4839-B291-EAC7D65E0015}.Ad-Hoc|Any CPU.Deploy.0 = Release|Any CPU
		{4C9BF4EB-3B43-4839-B291-EAC7D65E0015}.Ad-Hoc|iPhone.ActiveCfg = Release|Any CPU
		{4C9BF4EB-3B43-4839-B291-EAC7D65E0015}.Ad-Hoc|iPhone.Build.0 = Release|Any CPU
		{4C9BF4EB-3B43-4839-B291-EAC7D65E0015}.Ad-Hoc|iPhone.Deploy.0 = Release|Any CPU
		{4C9BF4EB-3B43-4839-B291-EAC7D65E0015}.Ad-Hoc|iPhoneSimulator.ActiveCfg = Release|Any CPU
		{4C9BF4EB-3B43-4839-B291-EAC7D65E0015}.Ad-Hoc|iPhoneSimulator.Build.0 = Release|Any CPU
		{4C9BF4EB-3B43-4839-B291-EAC7D65E0015}.Ad-Hoc|iPhoneSimulator.Deploy.0 = Release|Any CPU
		{4C9BF4EB-3B43-4839-B291-EAC7D65E0015}.AppStore|Any CPU.ActiveCfg = Release|Any CPU
		{4C9BF4EB-3B43-4839-B291-EAC7D65E0015}.AppStore|Any CPU.Build.0 = Release|Any CPU
		{4C9BF4EB-3B43-4839-B291-EAC7D65E0015}.AppStore|Any CPU.Deploy.0 = Release|Any CPU
		{4C9BF4EB-3B43-4839-B291-EAC7D65E0015}.AppStore|iPhone.ActiveCfg = Release|Any CPU
		{4C9BF4EB-3B43-4839-B291-EAC7D65E0015}.AppStore|iPhone.Build.0 = Release|Any CPU
		{4C9BF4EB-3B43-4839-B291-EAC7D65E0015}.AppStore|iPhone.Deploy.0 = Release|Any CPU
		{4C9BF4EB-3B43-4839-B291-EAC7D65E0015}.AppStore|iPhoneSimulator.ActiveCfg = Release|Any CPU
		{4C9BF4EB-3B43-4839-B291-EAC7D65E0015}.AppStore|iPhoneSimulator.Build.0 = Release|Any CPU
		{4C9BF4EB-3B43-4839-B291-EAC7D65E0015}.AppStore|iPhoneSimulator.Deploy.0 = Release|Any CPU
		{4C9BF4EB-3B43-4839-B291-EAC7D65E0015}.Debug|Any CPU.ActiveCfg = Debug|Any CPU
		{4C9BF4EB-3B43-4839-B291-EAC7D65E0015}.Debug|Any CPU.Build.0 = Debug|Any CPU
		{4C9BF4EB-3B43-4839-B291-EAC7D65E0015}.Debug|Any CPU.Deploy.0 = Debug|Any CPU
		{4C9BF4EB-3B43-4839-B291-EAC7D65E0015}.Debug|iPhone.ActiveCfg = Debug|Any CPU
		{4C9BF4EB-3B43-4839-B291-EAC7D65E0015}.Debug|iPhone.Build.0 = Debug|Any CPU
		{4C9BF4EB-3B43-4839-B291-EAC7D65E0015}.Debug|iPhone.Deploy.0 = Debug|Any CPU
		{4C9BF4EB-3B43-4839-B291-EAC7D65E0015}.Debug|iPhoneSimulator.ActiveCfg = Debug|Any CPU
		{4C9BF4EB-3B43-4839-B291-EAC7D65E0015}.Debug|iPhoneSimulator.Build.0 = Debug|Any CPU
		{4C9BF4EB-3B43-4839-B291-EAC7D65E0015}.Debug|iPhoneSimulator.Deploy.0 = Debug|Any CPU
		{4C9BF4EB-3B43-4839-B291-EAC7D65E0015}.Release|Any CPU.ActiveCfg = Release|Any CPU
		{4C9BF4EB-3B43-4839-B291-EAC7D65E0015}.Release|Any CPU.Build.0 = Release|Any CPU
		{4C9BF4EB-3B43-4839-B291-EAC7D65E0015}.Release|Any CPU.Deploy.0 = Release|Any CPU
		{4C9BF4EB-3B43-4839-B291-EAC7D65E0015}.Release|iPhone.ActiveCfg = Release|Any CPU
		{4C9BF4EB-3B43-4839-B291-EAC7D65E0015}.Release|iPhone.Build.0 = Release|Any CPU
		{4C9BF4EB-3B43-4839-B291-EAC7D65E0015}.Release|iPhone.Deploy.0 = Release|Any CPU
		{4C9BF4EB-3B43-4839-B291-EAC7D65E0015}.Release|iPhoneSimulator.ActiveCfg = Release|Any CPU
		{4C9BF4EB-3B43-4839-B291-EAC7D65E0015}.Release|iPhoneSimulator.Build.0 = Release|Any CPU
		{4C9BF4EB-3B43-4839-B291-EAC7D65E0015}.Release|iPhoneSimulator.Deploy.0 = Release|Any CPU
		{447C683A-2594-4095-BF86-0E5DDB69B9A0}.Ad-Hoc|Any CPU.ActiveCfg = Ad-Hoc|iPhone
		{447C683A-2594-4095-BF86-0E5DDB69B9A0}.Ad-Hoc|Any CPU.Build.0 = Ad-Hoc|iPhone
		{447C683A-2594-4095-BF86-0E5DDB69B9A0}.Ad-Hoc|Any CPU.Deploy.0 = Ad-Hoc|iPhone
		{447C683A-2594-4095-BF86-0E5DDB69B9A0}.Ad-Hoc|iPhone.ActiveCfg = Ad-Hoc|iPhone
		{447C683A-2594-4095-BF86-0E5DDB69B9A0}.Ad-Hoc|iPhone.Build.0 = Ad-Hoc|iPhone
		{447C683A-2594-4095-BF86-0E5DDB69B9A0}.Ad-Hoc|iPhone.Deploy.0 = Ad-Hoc|iPhone
		{447C683A-2594-4095-BF86-0E5DDB69B9A0}.Ad-Hoc|iPhoneSimulator.ActiveCfg = Ad-Hoc|iPhoneSimulator
		{447C683A-2594-4095-BF86-0E5DDB69B9A0}.Ad-Hoc|iPhoneSimulator.Build.0 = Ad-Hoc|iPhoneSimulator
		{447C683A-2594-4095-BF86-0E5DDB69B9A0}.Ad-Hoc|iPhoneSimulator.Deploy.0 = Ad-Hoc|iPhoneSimulator
		{447C683A-2594-4095-BF86-0E5DDB69B9A0}.AppStore|Any CPU.ActiveCfg = AppStore|iPhone
		{447C683A-2594-4095-BF86-0E5DDB69B9A0}.AppStore|Any CPU.Build.0 = AppStore|iPhone
		{447C683A-2594-4095-BF86-0E5DDB69B9A0}.AppStore|Any CPU.Deploy.0 = AppStore|iPhone
		{447C683A-2594-4095-BF86-0E5DDB69B9A0}.AppStore|iPhone.ActiveCfg = AppStore|iPhone
		{447C683A-2594-4095-BF86-0E5DDB69B9A0}.AppStore|iPhone.Build.0 = AppStore|iPhone
		{447C683A-2594-4095-BF86-0E5DDB69B9A0}.AppStore|iPhone.Deploy.0 = AppStore|iPhone
		{447C683A-2594-4095-BF86-0E5DDB69B9A0}.AppStore|iPhoneSimulator.ActiveCfg = AppStore|iPhoneSimulator
		{447C683A-2594-4095-BF86-0E5DDB69B9A0}.AppStore|iPhoneSimulator.Build.0 = AppStore|iPhoneSimulator
		{447C683A-2594-4095-BF86-0E5DDB69B9A0}.AppStore|iPhoneSimulator.Deploy.0 = AppStore|iPhoneSimulator
		{447C683A-2594-4095-BF86-0E5DDB69B9A0}.Debug|Any CPU.ActiveCfg = Debug|iPhoneSimulator
		{447C683A-2594-4095-BF86-0E5DDB69B9A0}.Debug|Any CPU.Build.0 = Debug|iPhoneSimulator
		{447C683A-2594-4095-BF86-0E5DDB69B9A0}.Debug|Any CPU.Deploy.0 = Debug|iPhoneSimulator
		{447C683A-2594-4095-BF86-0E5DDB69B9A0}.Debug|iPhone.ActiveCfg = Debug|iPhone
		{447C683A-2594-4095-BF86-0E5DDB69B9A0}.Debug|iPhone.Build.0 = Debug|iPhone
		{447C683A-2594-4095-BF86-0E5DDB69B9A0}.Debug|iPhone.Deploy.0 = Debug|iPhone
		{447C683A-2594-4095-BF86-0E5DDB69B9A0}.Debug|iPhoneSimulator.ActiveCfg = Debug|iPhoneSimulator
		{447C683A-2594-4095-BF86-0E5DDB69B9A0}.Debug|iPhoneSimulator.Build.0 = Debug|iPhoneSimulator
		{447C683A-2594-4095-BF86-0E5DDB69B9A0}.Debug|iPhoneSimulator.Deploy.0 = Debug|iPhoneSimulator
		{447C683A-2594-4095-BF86-0E5DDB69B9A0}.Release|Any CPU.ActiveCfg = Release|iPhone
		{447C683A-2594-4095-BF86-0E5DDB69B9A0}.Release|Any CPU.Build.0 = Release|iPhone
		{447C683A-2594-4095-BF86-0E5DDB69B9A0}.Release|Any CPU.Deploy.0 = Release|iPhone
		{447C683A-2594-4095-BF86-0E5DDB69B9A0}.Release|iPhone.ActiveCfg = Release|iPhone
		{447C683A-2594-4095-BF86-0E5DDB69B9A0}.Release|iPhone.Build.0 = Release|iPhone
		{447C683A-2594-4095-BF86-0E5DDB69B9A0}.Release|iPhone.Deploy.0 = Release|iPhone
		{447C683A-2594-4095-BF86-0E5DDB69B9A0}.Release|iPhoneSimulator.ActiveCfg = Release|iPhoneSimulator
		{447C683A-2594-4095-BF86-0E5DDB69B9A0}.Release|iPhoneSimulator.Build.0 = Release|iPhoneSimulator
		{447C683A-2594-4095-BF86-0E5DDB69B9A0}.Release|iPhoneSimulator.Deploy.0 = Release|iPhoneSimulator
		{1734E8C0-3560-44CE-ACCD-81CB7A908668}.Ad-Hoc|Any CPU.ActiveCfg = Debug|Any CPU
		{1734E8C0-3560-44CE-ACCD-81CB7A908668}.Ad-Hoc|Any CPU.Build.0 = Debug|Any CPU
		{1734E8C0-3560-44CE-ACCD-81CB7A908668}.Ad-Hoc|Any CPU.Deploy.0 = Debug|Any CPU
		{1734E8C0-3560-44CE-ACCD-81CB7A908668}.Ad-Hoc|iPhone.ActiveCfg = Debug|Any CPU
		{1734E8C0-3560-44CE-ACCD-81CB7A908668}.Ad-Hoc|iPhone.Build.0 = Debug|Any CPU
		{1734E8C0-3560-44CE-ACCD-81CB7A908668}.Ad-Hoc|iPhone.Deploy.0 = Debug|Any CPU
		{1734E8C0-3560-44CE-ACCD-81CB7A908668}.Ad-Hoc|iPhoneSimulator.ActiveCfg = Debug|Any CPU
		{1734E8C0-3560-44CE-ACCD-81CB7A908668}.Ad-Hoc|iPhoneSimulator.Build.0 = Debug|Any CPU
		{1734E8C0-3560-44CE-ACCD-81CB7A908668}.Ad-Hoc|iPhoneSimulator.Deploy.0 = Debug|Any CPU
		{1734E8C0-3560-44CE-ACCD-81CB7A908668}.AppStore|Any CPU.ActiveCfg = Debug|Any CPU
		{1734E8C0-3560-44CE-ACCD-81CB7A908668}.AppStore|Any CPU.Build.0 = Debug|Any CPU
		{1734E8C0-3560-44CE-ACCD-81CB7A908668}.AppStore|Any CPU.Deploy.0 = Debug|Any CPU
		{1734E8C0-3560-44CE-ACCD-81CB7A908668}.AppStore|iPhone.ActiveCfg = Debug|Any CPU
		{1734E8C0-3560-44CE-ACCD-81CB7A908668}.AppStore|iPhone.Build.0 = Debug|Any CPU
		{1734E8C0-3560-44CE-ACCD-81CB7A908668}.AppStore|iPhone.Deploy.0 = Debug|Any CPU
		{1734E8C0-3560-44CE-ACCD-81CB7A908668}.AppStore|iPhoneSimulator.ActiveCfg = Debug|Any CPU
		{1734E8C0-3560-44CE-ACCD-81CB7A908668}.AppStore|iPhoneSimulator.Build.0 = Debug|Any CPU
		{1734E8C0-3560-44CE-ACCD-81CB7A908668}.AppStore|iPhoneSimulator.Deploy.0 = Debug|Any CPU
		{1734E8C0-3560-44CE-ACCD-81CB7A908668}.Debug|Any CPU.ActiveCfg = Debug|Any CPU
		{1734E8C0-3560-44CE-ACCD-81CB7A908668}.Debug|Any CPU.Build.0 = Debug|Any CPU
		{1734E8C0-3560-44CE-ACCD-81CB7A908668}.Debug|Any CPU.Deploy.0 = Debug|Any CPU
		{1734E8C0-3560-44CE-ACCD-81CB7A908668}.Debug|iPhone.ActiveCfg = Debug|Any CPU
		{1734E8C0-3560-44CE-ACCD-81CB7A908668}.Debug|iPhone.Build.0 = Debug|Any CPU
		{1734E8C0-3560-44CE-ACCD-81CB7A908668}.Debug|iPhone.Deploy.0 = Debug|Any CPU
		{1734E8C0-3560-44CE-ACCD-81CB7A908668}.Debug|iPhoneSimulator.ActiveCfg = Debug|Any CPU
		{1734E8C0-3560-44CE-ACCD-81CB7A908668}.Debug|iPhoneSimulator.Build.0 = Debug|Any CPU
		{1734E8C0-3560-44CE-ACCD-81CB7A908668}.Debug|iPhoneSimulator.Deploy.0 = Debug|Any CPU
		{1734E8C0-3560-44CE-ACCD-81CB7A908668}.Release|Any CPU.ActiveCfg = Release|Any CPU
		{1734E8C0-3560-44CE-ACCD-81CB7A908668}.Release|Any CPU.Build.0 = Release|Any CPU
		{1734E8C0-3560-44CE-ACCD-81CB7A908668}.Release|Any CPU.Deploy.0 = Release|Any CPU
		{1734E8C0-3560-44CE-ACCD-81CB7A908668}.Release|iPhone.ActiveCfg = Release|Any CPU
		{1734E8C0-3560-44CE-ACCD-81CB7A908668}.Release|iPhone.Build.0 = Release|Any CPU
		{1734E8C0-3560-44CE-ACCD-81CB7A908668}.Release|iPhone.Deploy.0 = Release|Any CPU
		{1734E8C0-3560-44CE-ACCD-81CB7A908668}.Release|iPhoneSimulator.ActiveCfg = Release|Any CPU
		{1734E8C0-3560-44CE-ACCD-81CB7A908668}.Release|iPhoneSimulator.Build.0 = Release|Any CPU
		{1734E8C0-3560-44CE-ACCD-81CB7A908668}.Release|iPhoneSimulator.Deploy.0 = Release|Any CPU
	EndGlobalSection
	GlobalSection(SolutionProperties) = preSolution
		HideSolutionNode = FALSE
	EndGlobalSection
	GlobalSection(ExtensibilityGlobals) = postSolution
		SolutionGuid = {B65FF1ED-8CBF-4619-B564-AB61794B6172}
	EndGlobalSection
EndGlobal
